PODS:
  - Alamofire (5.1.0)
  - AlamofireImage (4.1.0):
    - Alamofire (~> 5.1)
  - ObjectMapper (3.5.2)
  - SwiftOverlays (5.0.1)
  - SwiftyJSON (5.0.0)

DEPENDENCIES:
  - Alamofire
  - AlamofireImage
  - ObjectMapper
  - SwiftOverlays
  - SwiftyJSON

SPEC REPOS:
  trunk:
    - Alamofire
    - AlamofireImage
    - ObjectMapper
    - SwiftOverlays
    - SwiftyJSON

SPEC CHECKSUMS:
  Alamofire: 9d5c5f602928e512395b30950c5984eca840093c
  AlamofireImage: c4a2ba349885fb3064feb74d2e547bd42ce9be10
  ObjectMapper: b53ae947d370bf89423e86be7d4e2d2b2a8d3f40
  SwiftOverlays: ab459ea9194b0e96aaccaa00e9ead1bf6d46eef1
  SwiftyJSON: 36413e04c44ee145039d332b4f4e2d3e8d6c4db7

PODFILE CHECKSUM: 1af061022a202d84fdab29ddd7ad01aefe749696

COCOAPODS: 1.8.4
